
Microsoft Visual Studio Solution File, Format Version 12.00
# Visual Studio Version 17
VisualStudioVersion = 17.1.32228.430
MinimumVisualStudioVersion = 10.0.40219.1
Project("{FAE04EC0-301F-11D3-BF4B-00C04F79EFBC}") = "lab6", "lab6\lab6.csproj", "{8E3C3CD9-3773-49D5-9878-912B2B665549}"
EndProject
Global
	GlobalSection(SolutionConfigurationPlatforms) = preSolution
		Debug|Any CPU = Debug|Any CPU
		Release|Any CPU = Release|Any CPU
	EndGlobalSection
	GlobalSection(ProjectConfigurationPlatforms) = postSolution
		{8E3C3CD9-3773-49D5-9878-912B2B665549}.Debug|Any CPU.ActiveCfg = Debug|Any CPU
		{8E3C3CD9-3773-49D5-9878-912B2B665549}.Debug|Any CPU.Build.0 = Debug|Any CPU
		{8E3C3CD9-3773-49D5-9878-912B2B665549}.Release|Any CPU.ActiveCfg = Release|Any CPU
		{8E3C3CD9-3773-49D5-9878-912B2B665549}.Release|Any CPU.Build.0 = Release|Any CPU
	EndGlobalSection
	GlobalSection(SolutionProperties) = preSolution
		HideSolutionNode = FALSE
	EndGlobalSection
	GlobalSection(ExtensibilityGlobals) = postSolution
		SolutionGuid = {22665110-ACC9-410C-B937-9B67C6260B0A}
	EndGlobalSection
EndGlobal
